
Microsoft Visual Studio Solution File, Format Version 12.00
# Visual Studio Version 17
VisualStudioVersion = 17.0.31903.59
MinimumVisualStudioVersion = 10.0.40219.1
Project("{FAE04EC0-301F-11D3-BF4B-00C04F79EFBC}") = "EDD.Api", "EDD.Api\EDD.Api.csproj", "{A227761F-014D-4A53-A7D6-23B7919BADC1}"
EndProject
Project("{FAE04EC0-301F-11D3-BF4B-00C04F79EFBC}") = "EDD.Application", "EDD.Application\EDD.Application.csproj", "{62685374-875A-49A2-A235-0FFDCDD2C90F}"
EndProject
Project("{FAE04EC0-301F-11D3-BF4B-00C04F79EFBC}") = "EDD.Domain", "EDD.Domain\EDD.Domain.csproj", "{8BF00ECB-9777-4BD3-81DA-6FF09AA5CF1A}"
EndProject
Project("{FAE04EC0-301F-11D3-BF4B-00C04F79EFBC}") = "EDD.Infrastructure", "EDD.Infrastructure\EDD.Infrastructure.csproj", "{56BD1D50-43E1-44F4-88CF-634792894C8B}"
EndProject
Global
	GlobalSection(SolutionConfigurationPlatforms) = preSolution
		Debug|Any CPU = Debug|Any CPU
		Debug|x64 = Debug|x64
		Debug|x86 = Debug|x86
		Release|Any CPU = Release|Any CPU
		Release|x64 = Release|x64
		Release|x86 = Release|x86
	EndGlobalSection
	GlobalSection(ProjectConfigurationPlatforms) = postSolution
		{A227761F-014D-4A53-A7D6-23B7919BADC1}.Debug|Any CPU.ActiveCfg = Debug|Any CPU
		{A227761F-014D-4A53-A7D6-23B7919BADC1}.Debug|Any CPU.Build.0 = Debug|Any CPU
		{A227761F-014D-4A53-A7D6-23B7919BADC1}.Debug|x64.ActiveCfg = Debug|Any CPU
		{A227761F-014D-4A53-A7D6-23B7919BADC1}.Debug|x64.Build.0 = Debug|Any CPU
		{A227761F-014D-4A53-A7D6-23B7919BADC1}.Debug|x86.ActiveCfg = Debug|Any CPU
		{A227761F-014D-4A53-A7D6-23B7919BADC1}.Debug|x86.Build.0 = Debug|Any CPU
		{A227761F-014D-4A53-A7D6-23B7919BADC1}.Release|Any CPU.ActiveCfg = Release|Any CPU
		{A227761F-014D-4A53-A7D6-23B7919BADC1}.Release|Any CPU.Build.0 = Release|Any CPU
		{A227761F-014D-4A53-A7D6-23B7919BADC1}.Release|x64.ActiveCfg = Release|Any CPU
		{A227761F-014D-4A53-A7D6-23B7919BADC1}.Release|x64.Build.0 = Release|Any CPU
		{A227761F-014D-4A53-A7D6-23B7919BADC1}.Release|x86.ActiveCfg = Release|Any CPU
		{A227761F-014D-4A53-A7D6-23B7919BADC1}.Release|x86.Build.0 = Release|Any CPU
		{62685374-875A-49A2-A235-0FFDCDD2C90F}.Debug|Any CPU.ActiveCfg = Debug|Any CPU
		{62685374-875A-49A2-A235-0FFDCDD2C90F}.Debug|Any CPU.Build.0 = Debug|Any CPU
		{62685374-875A-49A2-A235-0FFDCDD2C90F}.Debug|x64.ActiveCfg = Debug|Any CPU
		{62685374-875A-49A2-A235-0FFDCDD2C90F}.Debug|x64.Build.0 = Debug|Any CPU
		{62685374-875A-49A2-A235-0FFDCDD2C90F}.Debug|x86.ActiveCfg = Debug|Any CPU
		{62685374-875A-49A2-A235-0FFDCDD2C90F}.Debug|x86.Build.0 = Debug|Any CPU
		{62685374-875A-49A2-A235-0FFDCDD2C90F}.Release|Any CPU.ActiveCfg = Release|Any CPU
		{62685374-875A-49A2-A235-0FFDCDD2C90F}.Release|Any CPU.Build.0 = Release|Any CPU
		{62685374-875A-49A2-A235-0FFDCDD2C90F}.Release|x64.ActiveCfg = Release|Any CPU
		{62685374-875A-49A2-A235-0FFDCDD2C90F}.Release|x64.Build.0 = Release|Any CPU
		{62685374-875A-49A2-A235-0FFDCDD2C90F}.Release|x86.ActiveCfg = Release|Any CPU
		{62685374-875A-49A2-A235-0FFDCDD2C90F}.Release|x86.Build.0 = Release|Any CPU
		{8BF00ECB-9777-4BD3-81DA-6FF09AA5CF1A}.Debug|Any CPU.ActiveCfg = Debug|Any CPU
		{8BF00ECB-9777-4BD3-81DA-6FF09AA5CF1A}.Debug|Any CPU.Build.0 = Debug|Any CPU
		{8BF00ECB-9777-4BD3-81DA-6FF09AA5CF1A}.Debug|x64.ActiveCfg = Debug|Any CPU
		{8BF00ECB-9777-4BD3-81DA-6FF09AA5CF1A}.Debug|x64.Build.0 = Debug|Any CPU
		{8BF00ECB-9777-4BD3-81DA-6FF09AA5CF1A}.Debug|x86.ActiveCfg = Debug|Any CPU
		{8BF00ECB-9777-4BD3-81DA-6FF09AA5CF1A}.Debug|x86.Build.0 = Debug|Any CPU
		{8BF00ECB-9777-4BD3-81DA-6FF09AA5CF1A}.Release|Any CPU.ActiveCfg = Release|Any CPU
		{8BF00ECB-9777-4BD3-81DA-6FF09AA5CF1A}.Release|Any CPU.Build.0 = Release|Any CPU
		{8BF00ECB-9777-4BD3-81DA-6FF09AA5CF1A}.Release|x64.ActiveCfg = Release|Any CPU
		{8BF00ECB-9777-4BD3-81DA-6FF09AA5CF1A}.Release|x64.Build.0 = Release|Any CPU
		{8BF00ECB-9777-4BD3-81DA-6FF09AA5CF1A}.Release|x86.ActiveCfg = Release|Any CPU
		{8BF00ECB-9777-4BD3-81DA-6FF09AA5CF1A}.Release|x86.Build.0 = Release|Any CPU
		{56BD1D50-43E1-44F4-88CF-634792894C8B}.Debug|Any CPU.ActiveCfg = Debug|Any CPU
		{56BD1D50-43E1-44F4-88CF-634792894C8B}.Debug|Any CPU.Build.0 = Debug|Any CPU
		{56BD1D50-43E1-44F4-88CF-634792894C8B}.Debug|x64.ActiveCfg = Debug|Any CPU
		{56BD1D50-43E1-44F4-88CF-634792894C8B}.Debug|x64.Build.0 = Debug|Any CPU
		{56BD1D50-43E1-44F4-88CF-634792894C8B}.Debug|x86.ActiveCfg = Debug|Any CPU
		{56BD1D50-43E1-44F4-88CF-634792894C8B}.Debug|x86.Build.0 = Debug|Any CPU
		{56BD1D50-43E1-44F4-88CF-634792894C8B}.Release|Any CPU.ActiveCfg = Release|Any CPU
		{56BD1D50-43E1-44F4-88CF-634792894C8B}.Release|Any CPU.Build.0 = Release|Any CPU
		{56BD1D50-43E1-44F4-88CF-634792894C8B}.Release|x64.ActiveCfg = Release|Any CPU
		{56BD1D50-43E1-44F4-88CF-634792894C8B}.Release|x64.Build.0 = Release|Any CPU
		{56BD1D50-43E1-44F4-88CF-634792894C8B}.Release|x86.ActiveCfg = Release|Any CPU
		{56BD1D50-43E1-44F4-88CF-634792894C8B}.Release|x86.Build.0 = Release|Any CPU
	EndGlobalSection
	GlobalSection(SolutionProperties) = preSolution
		HideSolutionNode = FALSE
	EndGlobalSection
EndGlobal
